
Microsoft Visual Studio Solution File, Format Version 12.00
# Visual Studio 15
VisualStudioVersion = 15.0.28010.2036
MinimumVisualStudioVersion = 10.0.40219.1
Project("{FAE04EC0-301F-11D3-BF4B-00C04F79EFBC}") = "FamiTree", "FamiTree\FamiTree.csproj", "{4ADA75DB-7F32-4A88-B81E-3347E1E22F30}"
EndProject
Global
	GlobalSection(SolutionConfigurationPlatforms) = preSolution
		Debug|Any CPU = Debug|Any CPU
		Release|Any CPU = Release|Any CPU
	EndGlobalSection
	GlobalSection(ProjectConfigurationPlatforms) = postSolution
		{4ADA75DB-7F32-4A88-B81E-3347E1E22F30}.Debug|Any CPU.ActiveCfg = Debug|Any CPU
		{4ADA75DB-7F32-4A88-B81E-3347E1E22F30}.Debug|Any CPU.Build.0 = Debug|Any CPU
		{4ADA75DB-7F32-4A88-B81E-3347E1E22F30}.Release|Any CPU.ActiveCfg = Release|Any CPU
		{4ADA75DB-7F32-4A88-B81E-3347E1E22F30}.Release|Any CPU.Build.0 = Release|Any CPU
	EndGlobalSection
	GlobalSection(SolutionProperties) = preSolution
		HideSolutionNode = FALSE
	EndGlobalSection
	GlobalSection(ExtensibilityGlobals) = postSolution
		SolutionGuid = {E9EA863F-A96E-4876-9DE6-FDACB92E0CB2}
	EndGlobalSection
EndGlobal
